// !$*UTF8*$!
{
	archiveVersion = 1;
	classes = {
	};
	objectVersion = 46;
	objects = {

/* Begin PBXBuildFile section */
		CC0E83B01AE608DF00D974E5 /* AppDelegate.swift in Sources */ = {isa = PBXBuildFile; fileRef = CC0E83AF1AE608DF00D974E5 /* AppDelegate.swift */; };
		CC0E83B31AE608DF00D974E5 /* musicStore.xcdatamodeld in Sources */ = {isa = PBXBuildFile; fileRef = CC0E83B11AE608DF00D974E5 /* musicStore.xcdatamodeld */; };
		CC0E83B51AE608DF00D974E5 /* ViewController.swift in Sources */ = {isa = PBXBuildFile; fileRef = CC0E83B41AE608DF00D974E5 /* ViewController.swift */; };
		CC0E83B81AE608DF00D974E5 /* Main.storyboard in Resources */ = {isa = PBXBuildFile; fileRef = CC0E83B61AE608DF00D974E5 /* Main.storyboard */; };
		CC0E83BA1AE608DF00D974E5 /* Images.xcassets in Resources */ = {isa = PBXBuildFile; fileRef = CC0E83B91AE608DF00D974E5 /* Images.xcassets */; };
		CC0E83BD1AE608DF00D974E5 /* LaunchScreen.xib in Resources */ = {isa = PBXBuildFile; fileRef = CC0E83BB1AE608DF00D974E5 /* LaunchScreen.xib */; };
		CC0E83C91AE608DF00D974E5 /* musicStoreTests.swift in Sources */ = {isa = PBXBuildFile; fileRef = CC0E83C81AE608DF00D974E5 /* musicStoreTests.swift */; };
		CC0E83DC1AE6097000D974E5 /* musicStoreKit.h in Headers */ = {isa = PBXBuildFile; fileRef = CC0E83DB1AE6097000D974E5 /* musicStoreKit.h */; settings = {ATTRIBUTES = (Public, ); }; };
		CC0E83E21AE6097000D974E5 /* musicStoreKit.framework in Frameworks */ = {isa = PBXBuildFile; fileRef = CC0E83D71AE6097000D974E5 /* musicStoreKit.framework */; };
		CC0E83EB1AE6097000D974E5 /* musicStoreKitTests.swift in Sources */ = {isa = PBXBuildFile; fileRef = CC0E83EA1AE6097000D974E5 /* musicStoreKitTests.swift */; };
		CC0E83EE1AE6097000D974E5 /* musicStoreKit.framework in Frameworks */ = {isa = PBXBuildFile; fileRef = CC0E83D71AE6097000D974E5 /* musicStoreKit.framework */; };
		CC0E83EF1AE6097000D974E5 /* musicStoreKit.framework in Embed Frameworks */ = {isa = PBXBuildFile; fileRef = CC0E83D71AE6097000D974E5 /* musicStoreKit.framework */; settings = {ATTRIBUTES = (CodeSignOnCopy, RemoveHeadersOnCopy, ); }; };
		CC0E83F81AE6193F00D974E5 /* Networking.swift in Sources */ = {isa = PBXBuildFile; fileRef = CC0E83F71AE6193F00D974E5 /* Networking.swift */; };
		CC0E83FA1AE6279E00D974E5 /* appItem.swift in Sources */ = {isa = PBXBuildFile; fileRef = CC0E83F91AE6279E00D974E5 /* appItem.swift */; };
		CC0E83FC1AE6299D00D974E5 /* dataItem.json in Resources */ = {isa = PBXBuildFile; fileRef = CC0E83FB1AE6299D00D974E5 /* dataItem.json */; };
		CC949A621AE745AE0097C59A /* AudioToolbox.framework in Frameworks */ = {isa = PBXBuildFile; fileRef = CCF18E671AE6F4DF001DE6DD /* AudioToolbox.framework */; };
		CC949A631AE745BA0097C59A /* CFNetwork.framework in Frameworks */ = {isa = PBXBuildFile; fileRef = CCF18E691AE6F4E8001DE6DD /* CFNetwork.framework */; };
		CC949A641AE745C40097C59A /* CoreGraphics.framework in Frameworks */ = {isa = PBXBuildFile; fileRef = CCF18E611AE6F4AA001DE6DD /* CoreGraphics.framework */; };
		CC949A651AE745CF0097C59A /* CoreLocation.framework in Frameworks */ = {isa = PBXBuildFile; fileRef = CCF18E5D1AE6F496001DE6DD /* CoreLocation.framework */; };
		CC949A661AE745DC0097C59A /* MobileCoreServices.framework in Frameworks */ = {isa = PBXBuildFile; fileRef = CCF18E6B1AE6F4F3001DE6DD /* MobileCoreServices.framework */; };
		CC949A671AE745E70097C59A /* QuartzCore.framework in Frameworks */ = {isa = PBXBuildFile; fileRef = CCF18E631AE6F4B3001DE6DD /* QuartzCore.framework */; };
		CC949A681AE745F30097C59A /* Security.framework in Frameworks */ = {isa = PBXBuildFile; fileRef = CCF18E6D1AE6F4FB001DE6DD /* Security.framework */; };
		CC949A691AE745FB0097C59A /* StoreKit.framework in Frameworks */ = {isa = PBXBuildFile; fileRef = CCF18E5F1AE6F4A1001DE6DD /* StoreKit.framework */; };
		CC949A6A1AE746030097C59A /* SystemConfiguration.framework in Frameworks */ = {isa = PBXBuildFile; fileRef = CCF18E6F1AE6F508001DE6DD /* SystemConfiguration.framework */; };
		CC949A6B1AE7460E0097C59A /* libz.dylib in Frameworks */ = {isa = PBXBuildFile; fileRef = CCF18E711AE6F518001DE6DD /* libz.dylib */; };
		CC949A6C1AE7461C0097C59A /* libsqlite3.dylib in Frameworks */ = {isa = PBXBuildFile; fileRef = CCF18E731AE6F52A001DE6DD /* libsqlite3.dylib */; };
		CC949A6F1AE760B20097C59A /* Bolts.framework in Frameworks */ = {isa = PBXBuildFile; fileRef = CC949A6D1AE760B20097C59A /* Bolts.framework */; };
		CC949A701AE760B20097C59A /* Parse.framework in Frameworks */ = {isa = PBXBuildFile; fileRef = CC949A6E1AE760B20097C59A /* Parse.framework */; };
		CC949A721AE7614C0097C59A /* DataManager.swift in Sources */ = {isa = PBXBuildFile; fileRef = CC949A711AE7614C0097C59A /* DataManager.swift */; };
		CCF18E581AE6C1E5001DE6DD /* dataParsing.swift in Sources */ = {isa = PBXBuildFile; fileRef = CCF18E571AE6C1E5001DE6DD /* dataParsing.swift */; };
		CCF18E5B1AE6F464001DE6DD /* Bolts.framework in Frameworks */ = {isa = PBXBuildFile; fileRef = CCF18E591AE6F464001DE6DD /* Bolts.framework */; };
		CCF18E5C1AE6F464001DE6DD /* Parse.framework in Frameworks */ = {isa = PBXBuildFile; fileRef = CCF18E5A1AE6F464001DE6DD /* Parse.framework */; };
		CCF18E5E1AE6F496001DE6DD /* CoreLocation.framework in Frameworks */ = {isa = PBXBuildFile; fileRef = CCF18E5D1AE6F496001DE6DD /* CoreLocation.framework */; };
		CCF18E601AE6F4A1001DE6DD /* StoreKit.framework in Frameworks */ = {isa = PBXBuildFile; fileRef = CCF18E5F1AE6F4A1001DE6DD /* StoreKit.framework */; };
		CCF18E621AE6F4AA001DE6DD /* CoreGraphics.framework in Frameworks */ = {isa = PBXBuildFile; fileRef = CCF18E611AE6F4AA001DE6DD /* CoreGraphics.framework */; };
		CCF18E641AE6F4B3001DE6DD /* QuartzCore.framework in Frameworks */ = {isa = PBXBuildFile; fileRef = CCF18E631AE6F4B3001DE6DD /* QuartzCore.framework */; };
		CCF18E661AE6F4BF001DE6DD /* libz.1.1.3.dylib in Frameworks */ = {isa = PBXBuildFile; fileRef = CCF18E651AE6F4BE001DE6DD /* libz.1.1.3.dylib */; };
		CCF18E681AE6F4DF001DE6DD /* AudioToolbox.framework in Frameworks */ = {isa = PBXBuildFile; fileRef = CCF18E671AE6F4DF001DE6DD /* AudioToolbox.framework */; };
		CCF18E6A1AE6F4E8001DE6DD /* CFNetwork.framework in Frameworks */ = {isa = PBXBuildFile; fileRef = CCF18E691AE6F4E8001DE6DD /* CFNetwork.framework */; };
		CCF18E6C1AE6F4F3001DE6DD /* MobileCoreServices.framework in Frameworks */ = {isa = PBXBuildFile; fileRef = CCF18E6B1AE6F4F3001DE6DD /* MobileCoreServices.framework */; };
		CCF18E6E1AE6F4FB001DE6DD /* Security.framework in Frameworks */ = {isa = PBXBuildFile; fileRef = CCF18E6D1AE6F4FB001DE6DD /* Security.framework */; };
		CCF18E701AE6F508001DE6DD /* SystemConfiguration.framework in Frameworks */ = {isa = PBXBuildFile; fileRef = CCF18E6F1AE6F508001DE6DD /* SystemConfiguration.framework */; };
		CCF18E721AE6F518001DE6DD /* libz.dylib in Frameworks */ = {isa = PBXBuildFile; fileRef = CCF18E711AE6F518001DE6DD /* libz.dylib */; };
		CCF18E741AE6F52A001DE6DD /* libsqlite3.dylib in Frameworks */ = {isa = PBXBuildFile; fileRef = CCF18E731AE6F52A001DE6DD /* libsqlite3.dylib */; };
/* End PBXBuildFile section */

/* Begin PBXContainerItemProxy section */
		CC0E83C31AE608DF00D974E5 /* PBXContainerItemProxy */ = {
			isa = PBXContainerItemProxy;
			containerPortal = CC0E83A21AE608DF00D974E5 /* Project object */;
			proxyType = 1;
			remoteGlobalIDString = CC0E83A91AE608DF00D974E5;
			remoteInfo = musicStore;
		};
		CC0E83E31AE6097000D974E5 /* PBXContainerItemProxy */ = {
			isa = PBXContainerItemProxy;
			containerPortal = CC0E83A21AE608DF00D974E5 /* Project object */;
			proxyType = 1;
			remoteGlobalIDString = CC0E83D61AE6097000D974E5;
			remoteInfo = musicStoreKit;
		};
		CC0E83E51AE6097000D974E5 /* PBXContainerItemProxy */ = {
			isa = PBXContainerItemProxy;
			containerPortal = CC0E83A21AE608DF00D974E5 /* Project object */;
			proxyType = 1;
			remoteGlobalIDString = CC0E83A91AE608DF00D974E5;
			remoteInfo = musicStore;
		};
		CC0E83EC1AE6097000D974E5 /* PBXContainerItemProxy */ = {
			isa = PBXContainerItemProxy;
			containerPortal = CC0E83A21AE608DF00D974E5 /* Project object */;
			proxyType = 1;
			remoteGlobalIDString = CC0E83D61AE6097000D974E5;
			remoteInfo = musicStoreKit;
		};
/* End PBXContainerItemProxy section */

/* Begin PBXCopyFilesBuildPhase section */
		CC0E83F31AE6097000D974E5 /* Embed Frameworks */ = {
			isa = PBXCopyFilesBuildPhase;
			buildActionMask = 2147483647;
			dstPath = "";
			dstSubfolderSpec = 10;
			files = (
				CC0E83EF1AE6097000D974E5 /* musicStoreKit.framework in Embed Frameworks */,
			);
			name = "Embed Frameworks";
			runOnlyForDeploymentPostprocessing = 0;
		};
/* End PBXCopyFilesBuildPhase section */

/* Begin PBXFileReference section */
		CC0E83AA1AE608DF00D974E5 /* musicStore.app */ = {isa = PBXFileReference; explicitFileType = wrapper.application; includeInIndex = 0; path = musicStore.app; sourceTree = BUILT_PRODUCTS_DIR; };
		CC0E83AE1AE608DF00D974E5 /* Info.plist */ = {isa = PBXFileReference; lastKnownFileType = text.plist.xml; path = Info.plist; sourceTree = "<group>"; };
		CC0E83AF1AE608DF00D974E5 /* AppDelegate.swift */ = {isa = PBXFileReference; lastKnownFileType = sourcecode.swift; path = AppDelegate.swift; sourceTree = "<group>"; };
		CC0E83B21AE608DF00D974E5 /* musicStore.xcdatamodel */ = {isa = PBXFileReference; lastKnownFileType = wrapper.xcdatamodel; path = musicStore.xcdatamodel; sourceTree = "<group>"; };
		CC0E83B41AE608DF00D974E5 /* ViewController.swift */ = {isa = PBXFileReference; lastKnownFileType = sourcecode.swift; path = ViewController.swift; sourceTree = "<group>"; };
		CC0E83B71AE608DF00D974E5 /* Base */ = {isa = PBXFileReference; lastKnownFileType = file.storyboard; name = Base; path = Base.lproj/Main.storyboard; sourceTree = "<group>"; };
		CC0E83B91AE608DF00D974E5 /* Images.xcassets */ = {isa = PBXFileReference; lastKnownFileType = folder.assetcatalog; path = Images.xcassets; sourceTree = "<group>"; };
		CC0E83BC1AE608DF00D974E5 /* Base */ = {isa = PBXFileReference; lastKnownFileType = file.xib; name = Base; path = Base.lproj/LaunchScreen.xib; sourceTree = "<group>"; };
		CC0E83C21AE608DF00D974E5 /* musicStoreTests.xctest */ = {isa = PBXFileReference; explicitFileType = wrapper.cfbundle; includeInIndex = 0; path = musicStoreTests.xctest; sourceTree = BUILT_PRODUCTS_DIR; };
		CC0E83C71AE608DF00D974E5 /* Info.plist */ = {isa = PBXFileReference; lastKnownFileType = text.plist.xml; path = Info.plist; sourceTree = "<group>"; };
		CC0E83C81AE608DF00D974E5 /* musicStoreTests.swift */ = {isa = PBXFileReference; lastKnownFileType = sourcecode.swift; path = musicStoreTests.swift; sourceTree = "<group>"; };
		CC0E83D71AE6097000D974E5 /* musicStoreKit.framework */ = {isa = PBXFileReference; explicitFileType = wrapper.framework; includeInIndex = 0; path = musicStoreKit.framework; sourceTree = BUILT_PRODUCTS_DIR; };
		CC0E83DA1AE6097000D974E5 /* Info.plist */ = {isa = PBXFileReference; lastKnownFileType = text.plist.xml; path = Info.plist; sourceTree = "<group>"; };
		CC0E83DB1AE6097000D974E5 /* musicStoreKit.h */ = {isa = PBXFileReference; lastKnownFileType = sourcecode.c.h; path = musicStoreKit.h; sourceTree = "<group>"; };
		CC0E83E11AE6097000D974E5 /* musicStoreKitTests.xctest */ = {isa = PBXFileReference; explicitFileType = wrapper.cfbundle; includeInIndex = 0; path = musicStoreKitTests.xctest; sourceTree = BUILT_PRODUCTS_DIR; };
		CC0E83E91AE6097000D974E5 /* Info.plist */ = {isa = PBXFileReference; lastKnownFileType = text.plist.xml; path = Info.plist; sourceTree = "<group>"; };
		CC0E83EA1AE6097000D974E5 /* musicStoreKitTests.swift */ = {isa = PBXFileReference; lastKnownFileType = sourcecode.swift; path = musicStoreKitTests.swift; sourceTree = "<group>"; };
		CC0E83F71AE6193F00D974E5 /* Networking.swift */ = {isa = PBXFileReference; fileEncoding = 4; lastKnownFileType = sourcecode.swift; path = Networking.swift; sourceTree = "<group>"; };
		CC0E83F91AE6279E00D974E5 /* appItem.swift */ = {isa = PBXFileReference; fileEncoding = 4; lastKnownFileType = sourcecode.swift; name = appItem.swift; path = musicStoreKit/appItem.swift; sourceTree = SOURCE_ROOT; };
		CC0E83FB1AE6299D00D974E5 /* dataItem.json */ = {isa = PBXFileReference; fileEncoding = 4; lastKnownFileType = text.json; path = dataItem.json; sourceTree = "<group>"; };
		CC949A6D1AE760B20097C59A /* Bolts.framework */ = {isa = PBXFileReference; lastKnownFileType = wrapper.framework; path = Bolts.framework; sourceTree = "<group>"; };
		CC949A6E1AE760B20097C59A /* Parse.framework */ = {isa = PBXFileReference; lastKnownFileType = wrapper.framework; path = Parse.framework; sourceTree = "<group>"; };
		CC949A711AE7614C0097C59A /* DataManager.swift */ = {isa = PBXFileReference; fileEncoding = 4; lastKnownFileType = sourcecode.swift; path = DataManager.swift; sourceTree = "<group>"; };
		CCF18E571AE6C1E5001DE6DD /* dataParsing.swift */ = {isa = PBXFileReference; fileEncoding = 4; lastKnownFileType = sourcecode.swift; path = dataParsing.swift; sourceTree = "<group>"; };
		CCF18E591AE6F464001DE6DD /* Bolts.framework */ = {isa = PBXFileReference; lastKnownFileType = wrapper.framework; path = Bolts.framework; sourceTree = "<group>"; };
		CCF18E5A1AE6F464001DE6DD /* Parse.framework */ = {isa = PBXFileReference; lastKnownFileType = wrapper.framework; path = Parse.framework; sourceTree = "<group>"; };
		CCF18E5D1AE6F496001DE6DD /* CoreLocation.framework */ = {isa = PBXFileReference; lastKnownFileType = wrapper.framework; name = CoreLocation.framework; path = System/Library/Frameworks/CoreLocation.framework; sourceTree = SDKROOT; };
		CCF18E5F1AE6F4A1001DE6DD /* StoreKit.framework */ = {isa = PBXFileReference; lastKnownFileType = wrapper.framework; name = StoreKit.framework; path = System/Library/Frameworks/StoreKit.framework; sourceTree = SDKROOT; };
		CCF18E611AE6F4AA001DE6DD /* CoreGraphics.framework */ = {isa = PBXFileReference; lastKnownFileType = wrapper.framework; name = CoreGraphics.framework; path = System/Library/Frameworks/CoreGraphics.framework; sourceTree = SDKROOT; };
		CCF18E631AE6F4B3001DE6DD /* QuartzCore.framework */ = {isa = PBXFileReference; lastKnownFileType = wrapper.framework; name = QuartzCore.framework; path = System/Library/Frameworks/QuartzCore.framework; sourceTree = SDKROOT; };
		CCF18E651AE6F4BE001DE6DD /* libz.1.1.3.dylib */ = {isa = PBXFileReference; lastKnownFileType = "compiled.mach-o.dylib"; name = libz.1.1.3.dylib; path = usr/lib/libz.1.1.3.dylib; sourceTree = SDKROOT; };
		CCF18E671AE6F4DF001DE6DD /* AudioToolbox.framework */ = {isa = PBXFileReference; lastKnownFileType = wrapper.framework; name = AudioToolbox.framework; path = System/Library/Frameworks/AudioToolbox.framework; sourceTree = SDKROOT; };
		CCF18E691AE6F4E8001DE6DD /* CFNetwork.framework */ = {isa = PBXFileReference; lastKnownFileType = wrapper.framework; name = CFNetwork.framework; path = System/Library/Frameworks/CFNetwork.framework; sourceTree = SDKROOT; };
		CCF18E6B1AE6F4F3001DE6DD /* MobileCoreServices.framework */ = {isa = PBXFileReference; lastKnownFileType = wrapper.framework; name = MobileCoreServices.framework; path = System/Library/Frameworks/MobileCoreServices.framework; sourceTree = SDKROOT; };
		CCF18E6D1AE6F4FB001DE6DD /* Security.framework */ = {isa = PBXFileReference; lastKnownFileType = wrapper.framework; name = Security.framework; path = System/Library/Frameworks/Security.framework; sourceTree = SDKROOT; };
		CCF18E6F1AE6F508001DE6DD /* SystemConfiguration.framework */ = {isa = PBXFileReference; lastKnownFileType = wrapper.framework; name = SystemConfiguration.framework; path = System/Library/Frameworks/SystemConfiguration.framework; sourceTree = SDKROOT; };
		CCF18E711AE6F518001DE6DD /* libz.dylib */ = {isa = PBXFileReference; lastKnownFileType = "compiled.mach-o.dylib"; name = libz.dylib; path = usr/lib/libz.dylib; sourceTree = SDKROOT; };
		CCF18E731AE6F52A001DE6DD /* libsqlite3.dylib */ = {isa = PBXFileReference; lastKnownFileType = "compiled.mach-o.dylib"; name = libsqlite3.dylib; path = usr/lib/libsqlite3.dylib; sourceTree = SDKROOT; };
/* End PBXFileReference section */

/* Begin PBXFrameworksBuildPhase section */
		CC0E83A71AE608DF00D974E5 /* Frameworks */ = {
			isa = PBXFrameworksBuildPhase;
			buildActionMask = 2147483647;
			files = (
				CC949A6C1AE7461C0097C59A /* libsqlite3.dylib in Frameworks */,
				CC949A6B1AE7460E0097C59A /* libz.dylib in Frameworks */,
				CC949A6A1AE746030097C59A /* SystemConfiguration.framework in Frameworks */,
				CC949A691AE745FB0097C59A /* StoreKit.framework in Frameworks */,
				CC949A681AE745F30097C59A /* Security.framework in Frameworks */,
				CC949A671AE745E70097C59A /* QuartzCore.framework in Frameworks */,
				CC949A661AE745DC0097C59A /* MobileCoreServices.framework in Frameworks */,
				CC949A651AE745CF0097C59A /* CoreLocation.framework in Frameworks */,
				CC949A641AE745C40097C59A /* CoreGraphics.framework in Frameworks */,
				CC949A631AE745BA0097C59A /* CFNetwork.framework in Frameworks */,
				CC949A621AE745AE0097C59A /* AudioToolbox.framework in Frameworks */,
				CC0E83EE1AE6097000D974E5 /* musicStoreKit.framework in Frameworks */,
				CCF18E5C1AE6F464001DE6DD /* Parse.framework in Frameworks */,
				CCF18E5B1AE6F464001DE6DD /* Bolts.framework in Frameworks */,
			);
			runOnlyForDeploymentPostprocessing = 0;
		};
		CC0E83BF1AE608DF00D974E5 /* Frameworks */ = {
			isa = PBXFrameworksBuildPhase;
			buildActionMask = 2147483647;
			files = (
			);
			runOnlyForDeploymentPostprocessing = 0;
		};
		CC0E83D31AE6097000D974E5 /* Frameworks */ = {
			isa = PBXFrameworksBuildPhase;
			buildActionMask = 2147483647;
			files = (
				CCF18E741AE6F52A001DE6DD /* libsqlite3.dylib in Frameworks */,
				CCF18E721AE6F518001DE6DD /* libz.dylib in Frameworks */,
				CCF18E701AE6F508001DE6DD /* SystemConfiguration.framework in Frameworks */,
				CCF18E6E1AE6F4FB001DE6DD /* Security.framework in Frameworks */,
				CCF18E6C1AE6F4F3001DE6DD /* MobileCoreServices.framework in Frameworks */,
				CCF18E6A1AE6F4E8001DE6DD /* CFNetwork.framework in Frameworks */,
				CCF18E681AE6F4DF001DE6DD /* AudioToolbox.framework in Frameworks */,
				CC949A6F1AE760B20097C59A /* Bolts.framework in Frameworks */,
				CCF18E661AE6F4BF001DE6DD /* libz.1.1.3.dylib in Frameworks */,
				CCF18E641AE6F4B3001DE6DD /* QuartzCore.framework in Frameworks */,
				CC949A701AE760B20097C59A /* Parse.framework in Frameworks */,
				CCF18E621AE6F4AA001DE6DD /* CoreGraphics.framework in Frameworks */,
				CCF18E601AE6F4A1001DE6DD /* StoreKit.framework in Frameworks */,
				CCF18E5E1AE6F496001DE6DD /* CoreLocation.framework in Frameworks */,
			);
			runOnlyForDeploymentPostprocessing = 0;
		};
		CC0E83DE1AE6097000D974E5 /* Frameworks */ = {
			isa = PBXFrameworksBuildPhase;
			buildActionMask = 2147483647;
			files = (
				CC0E83E21AE6097000D974E5 /* musicStoreKit.framework in Frameworks */,
			);
			runOnlyForDeploymentPostprocessing = 0;
		};
/* End PBXFrameworksBuildPhase section */

/* Begin PBXGroup section */
		CC0E83A11AE608DF00D974E5 = {
			isa = PBXGroup;
			children = (
				CCF18E731AE6F52A001DE6DD /* libsqlite3.dylib */,
				CCF18E711AE6F518001DE6DD /* libz.dylib */,
				CCF18E6F1AE6F508001DE6DD /* SystemConfiguration.framework */,
				CCF18E6D1AE6F4FB001DE6DD /* Security.framework */,
				CCF18E6B1AE6F4F3001DE6DD /* MobileCoreServices.framework */,
				CCF18E691AE6F4E8001DE6DD /* CFNetwork.framework */,
				CCF18E671AE6F4DF001DE6DD /* AudioToolbox.framework */,
				CCF18E651AE6F4BE001DE6DD /* libz.1.1.3.dylib */,
				CCF18E631AE6F4B3001DE6DD /* QuartzCore.framework */,
				CCF18E611AE6F4AA001DE6DD /* CoreGraphics.framework */,
				CCF18E5F1AE6F4A1001DE6DD /* StoreKit.framework */,
				CCF18E5D1AE6F496001DE6DD /* CoreLocation.framework */,
				CC0E83FB1AE6299D00D974E5 /* dataItem.json */,
				CCF18E591AE6F464001DE6DD /* Bolts.framework */,
				CCF18E5A1AE6F464001DE6DD /* Parse.framework */,
				CC0E83AC1AE608DF00D974E5 /* musicStore */,
				CC0E83C51AE608DF00D974E5 /* musicStoreTests */,
				CC0E83E71AE6097000D974E5 /* musicStoreKitTests */,
				CC0E83AB1AE608DF00D974E5 /* Products */,
			);
			sourceTree = "<group>";
		};
		CC0E83AB1AE608DF00D974E5 /* Products */ = {
			isa = PBXGroup;
			children = (
				CC0E83AA1AE608DF00D974E5 /* musicStore.app */,
				CC0E83C21AE608DF00D974E5 /* musicStoreTests.xctest */,
				CC0E83D71AE6097000D974E5 /* musicStoreKit.framework */,
				CC0E83E11AE6097000D974E5 /* musicStoreKitTests.xctest */,
			);
			name = Products;
			sourceTree = "<group>";
		};
		CC0E83AC1AE608DF00D974E5 /* musicStore */ = {
			isa = PBXGroup;
			children = (
				CC0E83AF1AE608DF00D974E5 /* AppDelegate.swift */,
				CC0E83B41AE608DF00D974E5 /* ViewController.swift */,
				CC0E83B61AE608DF00D974E5 /* Main.storyboard */,
				CC0E83B91AE608DF00D974E5 /* Images.xcassets */,
				CC0E83BB1AE608DF00D974E5 /* LaunchScreen.xib */,
				CC0E83B11AE608DF00D974E5 /* musicStore.xcdatamodeld */,
				CC0E83AD1AE608DF00D974E5 /* Supporting Files */,
				CC0E83D81AE6097000D974E5 /* musicStoreKit */,
			);
			path = musicStore;
			sourceTree = "<group>";
		};
		CC0E83AD1AE608DF00D974E5 /* Supporting Files */ = {
			isa = PBXGroup;
			children = (
				CC0E83AE1AE608DF00D974E5 /* Info.plist */,
			);
			name = "Supporting Files";
			sourceTree = "<group>";
		};
		CC0E83C51AE608DF00D974E5 /* musicStoreTests */ = {
			isa = PBXGroup;
			children = (
				CC0E83C81AE608DF00D974E5 /* musicStoreTests.swift */,
				CC0E83C61AE608DF00D974E5 /* Supporting Files */,
			);
			path = musicStoreTests;
			sourceTree = "<group>";
		};
		CC0E83C61AE608DF00D974E5 /* Supporting Files */ = {
			isa = PBXGroup;
			children = (
				CC0E83C71AE608DF00D974E5 /* Info.plist */,
			);
			name = "Supporting Files";
			sourceTree = "<group>";
		};
		CC0E83D81AE6097000D974E5 /* musicStoreKit */ = {
			isa = PBXGroup;
			children = (
				CC949A6D1AE760B20097C59A /* Bolts.framework */,
				CC949A6E1AE760B20097C59A /* Parse.framework */,
				CC0E83F91AE6279E00D974E5 /* appItem.swift */,
				CC0E83F71AE6193F00D974E5 /* Networking.swift */,
				CCF18E571AE6C1E5001DE6DD /* dataParsing.swift */,
				CC949A711AE7614C0097C59A /* DataManager.swift */,
				CC0E83DB1AE6097000D974E5 /* musicStoreKit.h */,
				CC0E83D91AE6097000D974E5 /* Supporting Files */,
			);
			path = musicStoreKit;
			sourceTree = SOURCE_ROOT;
		};
		CC0E83D91AE6097000D974E5 /* Supporting Files */ = {
			isa = PBXGroup;
			children = (
				CC0E83DA1AE6097000D974E5 /* Info.plist */,
			);
			name = "Supporting Files";
			sourceTree = "<group>";
		};
		CC0E83E71AE6097000D974E5 /* musicStoreKitTests */ = {
			isa = PBXGroup;
			children = (
				CC0E83EA1AE6097000D974E5 /* musicStoreKitTests.swift */,
				CC0E83E81AE6097000D974E5 /* Supporting Files */,
			);
			path = musicStoreKitTests;
			sourceTree = "<group>";
		};
		CC0E83E81AE6097000D974E5 /* Supporting Files */ = {
			isa = PBXGroup;
			children = (
				CC0E83E91AE6097000D974E5 /* Info.plist */,
			);
			name = "Supporting Files";
			sourceTree = "<group>";
		};
/* End PBXGroup section */

/* Begin PBXHeadersBuildPhase section */
		CC0E83D41AE6097000D974E5 /* Headers */ = {
			isa = PBXHeadersBuildPhase;
			buildActionMask = 2147483647;
			files = (
				CC0E83DC1AE6097000D974E5 /* musicStoreKit.h in Headers */,
			);
			runOnlyForDeploymentPostprocessing = 0;
		};
/* End PBXHeadersBuildPhase section */

/* Begin PBXNativeTarget section */
		CC0E83A91AE608DF00D974E5 /* musicStore */ = {
			isa = PBXNativeTarget;
			buildConfigurationList = CC0E83CC1AE608DF00D974E5 /* Build configuration list for PBXNativeTarget "musicStore" */;
			buildPhases = (
				CC0E83A61AE608DF00D974E5 /* Sources */,
				CC0E83A71AE608DF00D974E5 /* Frameworks */,
				CC0E83A81AE608DF00D974E5 /* Resources */,
				CC0E83F31AE6097000D974E5 /* Embed Frameworks */,
			);
			buildRules = (
			);
			dependencies = (
				CC0E83ED1AE6097000D974E5 /* PBXTargetDependency */,
			);
			name = musicStore;
			productName = musicStore;
			productReference = CC0E83AA1AE608DF00D974E5 /* musicStore.app */;
			productType = "com.apple.product-type.application";
		};
		CC0E83C11AE608DF00D974E5 /* musicStoreTests */ = {
			isa = PBXNativeTarget;
			buildConfigurationList = CC0E83CF1AE608DF00D974E5 /* Build configuration list for PBXNativeTarget "musicStoreTests" */;
			buildPhases = (
				CC0E83BE1AE608DF00D974E5 /* Sources */,
				CC0E83BF1AE608DF00D974E5 /* Frameworks */,
				CC0E83C01AE608DF00D974E5 /* Resources */,
			);
			buildRules = (
			);
			dependencies = (
				CC0E83C41AE608DF00D974E5 /* PBXTargetDependency */,
			);
			name = musicStoreTests;
			productName = musicStoreTests;
			productReference = CC0E83C21AE608DF00D974E5 /* musicStoreTests.xctest */;
			productType = "com.apple.product-type.bundle.unit-test";
		};
		CC0E83D61AE6097000D974E5 /* musicStoreKit */ = {
			isa = PBXNativeTarget;
			buildConfigurationList = CC0E83F01AE6097000D974E5 /* Build configuration list for PBXNativeTarget "musicStoreKit" */;
			buildPhases = (
				CC0E83D21AE6097000D974E5 /* Sources */,
				CC0E83D31AE6097000D974E5 /* Frameworks */,
				CC0E83D41AE6097000D974E5 /* Headers */,
				CC0E83D51AE6097000D974E5 /* Resources */,
			);
			buildRules = (
			);
			dependencies = (
			);
			name = musicStoreKit;
			productName = musicStoreKit;
			productReference = CC0E83D71AE6097000D974E5 /* musicStoreKit.framework */;
			productType = "com.apple.product-type.framework";
		};
		CC0E83E01AE6097000D974E5 /* musicStoreKitTests */ = {
			isa = PBXNativeTarget;
			buildConfigurationList = CC0E83F41AE6097000D974E5 /* Build configuration list for PBXNativeTarget "musicStoreKitTests" */;
			buildPhases = (
				CC0E83DD1AE6097000D974E5 /* Sources */,
				CC0E83DE1AE6097000D974E5 /* Frameworks */,
				CC0E83DF1AE6097000D974E5 /* Resources */,
			);
			buildRules = (
			);
			dependencies = (
				CC0E83E41AE6097000D974E5 /* PBXTargetDependency */,
				CC0E83E61AE6097000D974E5 /* PBXTargetDependency */,
			);
			name = musicStoreKitTests;
			productName = musicStoreKitTests;
			productReference = CC0E83E11AE6097000D974E5 /* musicStoreKitTests.xctest */;
			productType = "com.apple.product-type.bundle.unit-test";
		};
/* End PBXNativeTarget section */

/* Begin PBXProject section */
		CC0E83A21AE608DF00D974E5 /* Project object */ = {
			isa = PBXProject;
			attributes = {
				LastUpgradeCheck = 0630;
				ORGANIZATIONNAME = "Yifan Xiao";
				TargetAttributes = {
					CC0E83A91AE608DF00D974E5 = {
						CreatedOnToolsVersion = 6.3;
					};
					CC0E83C11AE608DF00D974E5 = {
						CreatedOnToolsVersion = 6.3;
						TestTargetID = CC0E83A91AE608DF00D974E5;
					};
					CC0E83D61AE6097000D974E5 = {
						CreatedOnToolsVersion = 6.3;
						DevelopmentTeam = 4NPA9YHQ69;
					};
					CC0E83E01AE6097000D974E5 = {
						CreatedOnToolsVersion = 6.3;
						TestTargetID = CC0E83A91AE608DF00D974E5;
					};
				};
			};
			buildConfigurationList = CC0E83A51AE608DF00D974E5 /* Build configuration list for PBXProject "musicStore" */;
			compatibilityVersion = "Xcode 3.2";
			developmentRegion = English;
			hasScannedForEncodings = 0;
			knownRegions = (
				en,
				Base,
			);
			mainGroup = CC0E83A11AE608DF00D974E5;
			productRefGroup = CC0E83AB1AE608DF00D974E5 /* Products */;
			projectDirPath = "";
			projectRoot = "";
			targets = (
				CC0E83A91AE608DF00D974E5 /* musicStore */,
				CC0E83C11AE608DF00D974E5 /* musicStoreTests */,
				CC0E83D61AE6097000D974E5 /* musicStoreKit */,
				CC0E83E01AE6097000D974E5 /* musicStoreKitTests */,
			);
		};
/* End PBXProject section */

/* Begin PBXResourcesBuildPhase section */
		CC0E83A81AE608DF00D974E5 /* Resources */ = {
			isa = PBXResourcesBuildPhase;
			buildActionMask = 2147483647;
			files = (
				CC0E83B81AE608DF00D974E5 /* Main.storyboard in Resources */,
				CC0E83BD1AE608DF00D974E5 /* LaunchScreen.xib in Resources */,
				CC0E83BA1AE608DF00D974E5 /* Images.xcassets in Resources */,
			);
			runOnlyForDeploymentPostprocessing = 0;
		};
		CC0E83C01AE608DF00D974E5 /* Resources */ = {
			isa = PBXResourcesBuildPhase;
			buildActionMask = 2147483647;
			files = (
			);
			runOnlyForDeploymentPostprocessing = 0;
		};
		CC0E83D51AE6097000D974E5 /* Resources */ = {
			isa = PBXResourcesBuildPhase;
			buildActionMask = 2147483647;
			files = (
				CC0E83FC1AE6299D00D974E5 /* dataItem.json in Resources */,
			);
			runOnlyForDeploymentPostprocessing = 0;
		};
		CC0E83DF1AE6097000D974E5 /* Resources */ = {
			isa = PBXResourcesBuildPhase;
			buildActionMask = 2147483647;
			files = (
			);
			runOnlyForDeploymentPostprocessing = 0;
		};
/* End PBXResourcesBuildPhase section */

/* Begin PBXSourcesBuildPhase section */
		CC0E83A61AE608DF00D974E5 /* Sources */ = {
			isa = PBXSourcesBuildPhase;
			buildActionMask = 2147483647;
			files = (
				CC0E83B51AE608DF00D974E5 /* ViewController.swift in Sources */,
				CC0E83B01AE608DF00D974E5 /* AppDelegate.swift in Sources */,
				CC0E83B31AE608DF00D974E5 /* musicStore.xcdatamodeld in Sources */,
			);
			runOnlyForDeploymentPostprocessing = 0;
		};
		CC0E83BE1AE608DF00D974E5 /* Sources */ = {
			isa = PBXSourcesBuildPhase;
			buildActionMask = 2147483647;
			files = (
				CC0E83C91AE608DF00D974E5 /* musicStoreTests.swift in Sources */,
			);
			runOnlyForDeploymentPostprocessing = 0;
		};
		CC0E83D21AE6097000D974E5 /* Sources */ = {
			isa = PBXSourcesBuildPhase;
			buildActionMask = 2147483647;
			files = (
				CC0E83FA1AE6279E00D974E5 /* appItem.swift in Sources */,
				CC949A721AE7614C0097C59A /* DataManager.swift in Sources */,
				CCF18E581AE6C1E5001DE6DD /* dataParsing.swift in Sources */,
				CC0E83F81AE6193F00D974E5 /* Networking.swift in Sources */,
			);
			runOnlyForDeploymentPostprocessing = 0;
		};
		CC0E83DD1AE6097000D974E5 /* Sources */ = {
			isa = PBXSourcesBuildPhase;
			buildActionMask = 2147483647;
			files = (
				CC0E83EB1AE6097000D974E5 /* musicStoreKitTests.swift in Sources */,
			);
			runOnlyForDeploymentPostprocessing = 0;
		};
/* End PBXSourcesBuildPhase section */

/* Begin PBXTargetDependency section */
		CC0E83C41AE608DF00D974E5 /* PBXTargetDependency */ = {
			isa = PBXTargetDependency;
			target = CC0E83A91AE608DF00D974E5 /* musicStore */;
			targetProxy = CC0E83C31AE608DF00D974E5 /* PBXContainerItemProxy */;
		};
		CC0E83E41AE6097000D974E5 /* PBXTargetDependency */ = {
			isa = PBXTargetDependency;
			target = CC0E83D61AE6097000D974E5 /* musicStoreKit */;
			targetProxy = CC0E83E31AE6097000D974E5 /* PBXContainerItemProxy */;
		};
		CC0E83E61AE6097000D974E5 /* PBXTargetDependency */ = {
			isa = PBXTargetDependency;
			target = CC0E83A91AE608DF00D974E5 /* musicStore */;
			targetProxy = CC0E83E51AE6097000D974E5 /* PBXContainerItemProxy */;
		};
		CC0E83ED1AE6097000D974E5 /* PBXTargetDependency */ = {
			isa = PBXTargetDependency;
			target = CC0E83D61AE6097000D974E5 /* musicStoreKit */;
			targetProxy = CC0E83EC1AE6097000D974E5 /* PBXContainerItemProxy */;
		};
/* End PBXTargetDependency section */

/* Begin PBXVariantGroup section */
		CC0E83B61AE608DF00D974E5 /* Main.storyboard */ = {
			isa = PBXVariantGroup;
			children = (
				CC0E83B71AE608DF00D974E5 /* Base */,
			);
			name = Main.storyboard;
			sourceTree = "<group>";
		};
		CC0E83BB1AE608DF00D974E5 /* LaunchScreen.xib */ = {
			isa = PBXVariantGroup;
			children = (
				CC0E83BC1AE608DF00D974E5 /* Base */,
			);
			name = LaunchScreen.xib;
			sourceTree = "<group>";
		};
/* End PBXVariantGroup section */

/* Begin XCBuildConfiguration section */
		CC0E83CA1AE608DF00D974E5 /* Debug */ = {
			isa = XCBuildConfiguration;
			buildSettings = {
				ALWAYS_SEARCH_USER_PATHS = NO;
				CLANG_CXX_LANGUAGE_STANDARD = "gnu++0x";
				CLANG_CXX_LIBRARY = "libc++";
				CLANG_ENABLE_MODULES = YES;
				CLANG_ENABLE_OBJC_ARC = YES;
				CLANG_WARN_BOOL_CONVERSION = YES;
				CLANG_WARN_CONSTANT_CONVERSION = YES;
				CLANG_WARN_DIRECT_OBJC_ISA_USAGE = YES_ERROR;
				CLANG_WARN_EMPTY_BODY = YES;
				CLANG_WARN_ENUM_CONVERSION = YES;
				CLANG_WARN_INT_CONVERSION = YES;
				CLANG_WARN_OBJC_ROOT_CLASS = YES_ERROR;
				CLANG_WARN_UNREACHABLE_CODE = YES;
				CLANG_WARN__DUPLICATE_METHOD_MATCH = YES;
				"CODE_SIGN_IDENTITY[sdk=iphoneos*]" = "iPhone Developer";
				COPY_PHASE_STRIP = NO;
				DEBUG_INFORMATION_FORMAT = "dwarf-with-dsym";
				ENABLE_STRICT_OBJC_MSGSEND = YES;
				GCC_C_LANGUAGE_STANDARD = gnu99;
				GCC_DYNAMIC_NO_PIC = NO;
				GCC_NO_COMMON_BLOCKS = YES;
				GCC_OPTIMIZATION_LEVEL = 0;
				GCC_PREPROCESSOR_DEFINITIONS = (
					"DEBUG=1",
					"$(inherited)",
				);
				GCC_SYMBOLS_PRIVATE_EXTERN = NO;
				GCC_WARN_64_TO_32_BIT_CONVERSION = YES;
				GCC_WARN_ABOUT_RETURN_TYPE = YES_ERROR;
				GCC_WARN_UNDECLARED_SELECTOR = YES;
				GCC_WARN_UNINITIALIZED_AUTOS = YES_AGGRESSIVE;
				GCC_WARN_UNUSED_FUNCTION = YES;
				GCC_WARN_UNUSED_VARIABLE = YES;
				IPHONEOS_DEPLOYMENT_TARGET = 8.3;
				MTL_ENABLE_DEBUG_INFO = YES;
				ONLY_ACTIVE_ARCH = YES;
				SDKROOT = iphoneos;
				SWIFT_OPTIMIZATION_LEVEL = "-Onone";
				TARGETED_DEVICE_FAMILY = "1,2";
			};
			name = Debug;
		};
		CC0E83CB1AE608DF00D974E5 /* Release */ = {
			isa = XCBuildConfiguration;
			buildSettings = {
				ALWAYS_SEARCH_USER_PATHS = NO;
				CLANG_CXX_LANGUAGE_STANDARD = "gnu++0x";
				CLANG_CXX_LIBRARY = "libc++";
				CLANG_ENABLE_MODULES = YES;
				CLANG_ENABLE_OBJC_ARC = YES;
				CLANG_WARN_BOOL_CONVERSION = YES;
				CLANG_WARN_CONSTANT_CONVERSION = YES;
				CLANG_WARN_DIRECT_OBJC_ISA_USAGE = YES_ERROR;
				CLANG_WARN_EMPTY_BODY = YES;
				CLANG_WARN_ENUM_CONVERSION = YES;
				CLANG_WARN_INT_CONVERSION = YES;
				CLANG_WARN_OBJC_ROOT_CLASS = YES_ERROR;
				CLANG_WARN_UNREACHABLE_CODE = YES;
				CLANG_WARN__DUPLICATE_METHOD_MATCH = YES;
				"CODE_SIGN_IDENTITY[sdk=iphoneos*]" = "iPhone Developer";
				COPY_PHASE_STRIP = NO;
				DEBUG_INFORMATION_FORMAT = "dwarf-with-dsym";
				ENABLE_NS_ASSERTIONS = NO;
				ENABLE_STRICT_OBJC_MSGSEND = YES;
				GCC_C_LANGUAGE_STANDARD = gnu99;
				GCC_NO_COMMON_BLOCKS = YES;
				GCC_WARN_64_TO_32_BIT_CONVERSION = YES;
				GCC_WARN_ABOUT_RETURN_TYPE = YES_ERROR;
				GCC_WARN_UNDECLARED_SELECTOR = YES;
				GCC_WARN_UNINITIALIZED_AUTOS = YES_AGGRESSIVE;
				GCC_WARN_UNUSED_FUNCTION = YES;
				GCC_WARN_UNUSED_VARIABLE = YES;
				IPHONEOS_DEPLOYMENT_TARGET = 8.3;
				MTL_ENABLE_DEBUG_INFO = NO;
				SDKROOT = iphoneos;
				TARGETED_DEVICE_FAMILY = "1,2";
				VALIDATE_PRODUCT = YES;
			};
			name = Release;
		};
		CC0E83CD1AE608DF00D974E5 /* Debug */ = {
			isa = XCBuildConfiguration;
			buildSettings = {
				ASSETCATALOG_COMPILER_APPICON_NAME = AppIcon;
				FRAMEWORK_SEARCH_PATHS = (
					"$(inherited)",
					"$(PROJECT_DIR)",
				);
				INFOPLIST_FILE = musicStore/Info.plist;
				LD_RUNPATH_SEARCH_PATHS = "$(inherited) @executable_path/Frameworks";
				PRODUCT_NAME = "$(TARGET_NAME)";
			};
			name = Debug;
		};
		CC0E83CE1AE608DF00D974E5 /* Release */ = {
			isa = XCBuildConfiguration;
			buildSettings = {
				ASSETCATALOG_COMPILER_APPICON_NAME = AppIcon;
				FRAMEWORK_SEARCH_PATHS = (
					"$(inherited)",
					"$(PROJECT_DIR)",
				);
				INFOPLIST_FILE = musicStore/Info.plist;
				LD_RUNPATH_SEARCH_PATHS = "$(inherited) @executable_path/Frameworks";
				PRODUCT_NAME = "$(TARGET_NAME)";
			};
			name = Release;
		};
		CC0E83D01AE608DF00D974E5 /* Debug */ = {
			isa = XCBuildConfiguration;
			buildSettings = {
				BUNDLE_LOADER = "$(TEST_HOST)";
				FRAMEWORK_SEARCH_PATHS = (
					"$(SDKROOT)/Developer/Library/Frameworks",
					"$(inherited)",
				);
				GCC_PREPROCESSOR_DEFINITIONS = (
					"DEBUG=1",
					"$(inherited)",
				);
				INFOPLIST_FILE = musicStoreTests/Info.plist;
				LD_RUNPATH_SEARCH_PATHS = "$(inherited) @executable_path/Frameworks @loader_path/Frameworks";
				PRODUCT_NAME = "$(TARGET_NAME)";
				TEST_HOST = "$(BUILT_PRODUCTS_DIR)/musicStore.app/musicStore";
			};
			name = Debug;
		};
		CC0E83D11AE608DF00D974E5 /* Release */ = {
			isa = XCBuildConfiguration;
			buildSettings = {
				BUNDLE_LOADER = "$(TEST_HOST)";
				FRAMEWORK_SEARCH_PATHS = (
					"$(SDKROOT)/Developer/Library/Frameworks",
					"$(inherited)",
				);
				INFOPLIST_FILE = musicStoreTests/Info.plist;
				LD_RUNPATH_SEARCH_PATHS = "$(inherited) @executable_path/Frameworks @loader_path/Frameworks";
				PRODUCT_NAME = "$(TARGET_NAME)";
				TEST_HOST = "$(BUILT_PRODUCTS_DIR)/musicStore.app/musicStore";
			};
			name = Release;
		};
		CC0E83F11AE6097000D974E5 /* Debug */ = {
			isa = XCBuildConfiguration;
			buildSettings = {
				APPLICATION_EXTENSION_API_ONLY = YES;
				CLANG_ENABLE_MODULES = YES;
				CODE_SIGN_IDENTITY = "iPhone Developer";
				CURRENT_PROJECT_VERSION = 1;
				DEFINES_MODULE = YES;
				DYLIB_COMPATIBILITY_VERSION = 1;
				DYLIB_CURRENT_VERSION = 1;
				DYLIB_INSTALL_NAME_BASE = "@rpath";
				FRAMEWORK_SEARCH_PATHS = (
					"$(inherited)",
					"$(PROJECT_DIR)/musicStoreKit",
				);
				GCC_PREPROCESSOR_DEFINITIONS = (
					"DEBUG=1",
					"$(inherited)",
				);
				INFOPLIST_FILE = musicStoreKit/Info.plist;
				INSTALL_PATH = "$(LOCAL_LIBRARY_DIR)/Frameworks";
				LD_RUNPATH_SEARCH_PATHS = "$(inherited) @executable_path/Frameworks @loader_path/Frameworks";
				PRODUCT_NAME = "$(TARGET_NAME)";
				SKIP_INSTALL = YES;
				SWIFT_OPTIMIZATION_LEVEL = "-Onone";
				VERSIONING_SYSTEM = "apple-generic";
				VERSION_INFO_PREFIX = "";
			};
			name = Debug;
		};
		CC0E83F21AE6097000D974E5 /* Release */ = {
			isa = XCBuildConfiguration;
			buildSettings = {
				APPLICATION_EXTENSION_API_ONLY = YES;
				CLANG_ENABLE_MODULES = YES;
				CODE_SIGN_IDENTITY = "iPhone Developer";
				CURRENT_PROJECT_VERSION = 1;
				DEFINES_MODULE = YES;
				DYLIB_COMPATIBILITY_VERSION = 1;
				DYLIB_CURRENT_VERSION = 1;
				DYLIB_INSTALL_NAME_BASE = "@rpath";
				FRAMEWORK_SEARCH_PATHS = (
					"$(inherited)",
					"$(PROJECT_DIR)/musicStoreKit",
				);
				INFOPLIST_FILE = musicStoreKit/Info.plist;
				INSTALL_PATH = "$(LOCAL_LIBRARY_DIR)/Frameworks";
				LD_RUNPATH_SEARCH_PATHS = "$(inherited) @executable_path/Frameworks @loader_path/Frameworks";
				PRODUCT_NAME = "$(TARGET_NAME)";
				SKIP_INSTALL = YES;
				VERSIONING_SYSTEM = "apple-generic";
				VERSION_INFO_PREFIX = "";
			};
			name = Release;
		};
		CC0E83F51AE6097000D974E5 /* Debug */ = {
			isa = XCBuildConfiguration;
			buildSettings = {
				FRAMEWORK_SEARCH_PATHS = (
					"$(SDKROOT)/Developer/Library/Frameworks",
					"$(inherited)",
				);
				GCC_PREPROCESSOR_DEFINITIONS = (
					"DEBUG=1",
					"$(inherited)",
				);
				INFOPLIST_FILE = musicStoreKitTests/Info.plist;
				LD_RUNPATH_SEARCH_PATHS = "$(inherited) @executable_path/Frameworks @loader_path/Frameworks";
				PRODUCT_NAME = "$(TARGET_NAME)";
				TEST_HOST = "$(BUILT_PRODUCTS_DIR)/musicStore.app/musicStore";
			};
			name = Debug;
		};
		CC0E83F61AE6097000D974E5 /* Release */ = {
			isa = XCBuildConfiguration;
			buildSettings = {
				FRAMEWORK_SEARCH_PATHS = (
					"$(SDKROOT)/Developer/Library/Frameworks",
					"$(inherited)",
				);
				INFOPLIST_FILE = musicStoreKitTests/Info.plist;
				LD_RUNPATH_SEARCH_PATHS = "$(inherited) @executable_path/Frameworks @loader_path/Frameworks";
				PRODUCT_NAME = "$(TARGET_NAME)";
				TEST_HOST = "$(BUILT_PRODUCTS_DIR)/musicStore.app/musicStore";
			};
			name = Release;
		};
/* End XCBuildConfiguration section */

/* Begin XCConfigurationList section */
		CC0E83A51AE608DF00D974E5 /* Build configuration list for PBXProject "musicStore" */ = {
			isa = XCConfigurationList;
			buildConfigurations = (
				CC0E83CA1AE608DF00D974E5 /* Debug */,
				CC0E83CB1AE608DF00D974E5 /* Release */,
			);
			defaultConfigurationIsVisible = 0;
			defaultConfigurationName = Release;
		};
		CC0E83CC1AE608DF00D974E5 /* Build configuration list for PBXNativeTarget "musicStore" */ = {
			isa = XCConfigurationList;
			buildConfigurations = (
				CC0E83CD1AE608DF00D974E5 /* Debug */,
				CC0E83CE1AE608DF00D974E5 /* Release */,
			);
			defaultConfigurationIsVisible = 0;
			defaultConfigurationName = Release;
		};
		CC0E83CF1AE608DF00D974E5 /* Build configuration list for PBXNativeTarget "musicStoreTests" */ = {
			isa = XCConfigurationList;
			buildConfigurations = (
				CC0E83D01AE608DF00D974E5 /* Debug */,
				CC0E83D11AE608DF00D974E5 /* Release */,
			);
			defaultConfigurationIsVisible = 0;
			defaultConfigurationName = Release;
		};
		CC0E83F01AE6097000D974E5 /* Build configuration list for PBXNativeTarget "musicStoreKit" */ = {
			isa = XCConfigurationList;
			buildConfigurations = (
				CC0E83F11AE6097000D974E5 /* Debug */,
				CC0E83F21AE6097000D974E5 /* Release */,
			);
			defaultConfigurationIsVisible = 0;
			defaultConfigurationName = Release;
		};
		CC0E83F41AE6097000D974E5 /* Build configuration list for PBXNativeTarget "musicStoreKitTests" */ = {
			isa = XCConfigurationList;
			buildConfigurations = (
				CC0E83F51AE6097000D974E5 /* Debug */,
				CC0E83F61AE6097000D974E5 /* Release */,
			);
			defaultConfigurationIsVisible = 0;
			defaultConfigurationName = Release;
		};
/* End XCConfigurationList section */

/* Begin XCVersionGroup section */
		CC0E83B11AE608DF00D974E5 /* musicStore.xcdatamodeld */ = {
			isa = XCVersionGroup;
			children = (
				CC0E83B21AE608DF00D974E5 /* musicStore.xcdatamodel */,
			);
			currentVersion = CC0E83B21AE608DF00D974E5 /* musicStore.xcdatamodel */;
			path = musicStore.xcdatamodeld;
			sourceTree = "<group>";
			versionGroupType = wrapper.xcdatamodel;
		};
/* End XCVersionGroup section */
	};
	rootObject = CC0E83A21AE608DF00D974E5 /* Project object */;
}
